
Microsoft Visual Studio Solution File, Format Version 12.00
# Visual Studio Version 17
VisualStudioVersion = 17.1.32421.90
MinimumVisualStudioVersion = 10.0.40219.1
Project("{FAE04EC0-301F-11D3-BF4B-00C04F79EFBC}") = "Task3", "Task3.csproj", "{2FF46301-E1CB-4EE3-95A5-524DFD04587D}"
EndProject
Global
	GlobalSection(SolutionConfigurationPlatforms) = preSolution
		Debug|Any CPU = Debug|Any CPU
		Release|Any CPU = Release|Any CPU
	EndGlobalSection
	GlobalSection(ProjectConfigurationPlatforms) = postSolution
		{2FF46301-E1CB-4EE3-95A5-524DFD04587D}.Debug|Any CPU.ActiveCfg = Debug|Any CPU
		{2FF46301-E1CB-4EE3-95A5-524DFD04587D}.Debug|Any CPU.Build.0 = Debug|Any CPU
		{2FF46301-E1CB-4EE3-95A5-524DFD04587D}.Release|Any CPU.ActiveCfg = Release|Any CPU
		{2FF46301-E1CB-4EE3-95A5-524DFD04587D}.Release|Any CPU.Build.0 = Release|Any CPU
	EndGlobalSection
	GlobalSection(SolutionProperties) = preSolution
		HideSolutionNode = FALSE
	EndGlobalSection
	GlobalSection(ExtensibilityGlobals) = postSolution
		SolutionGuid = {A731AE52-3E9E-4BA0-A89F-69EBFCB96C2A}
	EndGlobalSection
EndGlobal
