
Microsoft Visual Studio Solution File, Format Version 12.00
# Visual Studio Version 17
VisualStudioVersion = 17.1.32421.90
MinimumVisualStudioVersion = 10.0.40219.1
Project("{FAE04EC0-301F-11D3-BF4B-00C04F79EFBC}") = "Task4", "Task4.csproj", "{3B344097-0100-48CF-BBDB-27E7C57F73BA}"
EndProject
Global
	GlobalSection(SolutionConfigurationPlatforms) = preSolution
		Debug|Any CPU = Debug|Any CPU
		Release|Any CPU = Release|Any CPU
	EndGlobalSection
	GlobalSection(ProjectConfigurationPlatforms) = postSolution
		{3B344097-0100-48CF-BBDB-27E7C57F73BA}.Debug|Any CPU.ActiveCfg = Debug|Any CPU
		{3B344097-0100-48CF-BBDB-27E7C57F73BA}.Debug|Any CPU.Build.0 = Debug|Any CPU
		{3B344097-0100-48CF-BBDB-27E7C57F73BA}.Release|Any CPU.ActiveCfg = Release|Any CPU
		{3B344097-0100-48CF-BBDB-27E7C57F73BA}.Release|Any CPU.Build.0 = Release|Any CPU
	EndGlobalSection
	GlobalSection(SolutionProperties) = preSolution
		HideSolutionNode = FALSE
	EndGlobalSection
	GlobalSection(ExtensibilityGlobals) = postSolution
		SolutionGuid = {7557803B-3AFE-446F-8D89-FB393B7E6B62}
	EndGlobalSection
EndGlobal
