
Microsoft Visual Studio Solution File, Format Version 12.00
# Visual Studio Version 17
VisualStudioVersion = 17.1.32421.90
MinimumVisualStudioVersion = 10.0.40219.1
Project("{FAE04EC0-301F-11D3-BF4B-00C04F79EFBC}") = "Task1", "Task1.csproj", "{44F4F115-39C2-4558-A996-F885E8AE81EE}"
EndProject
Global
	GlobalSection(SolutionConfigurationPlatforms) = preSolution
		Debug|Any CPU = Debug|Any CPU
		Release|Any CPU = Release|Any CPU
	EndGlobalSection
	GlobalSection(ProjectConfigurationPlatforms) = postSolution
		{44F4F115-39C2-4558-A996-F885E8AE81EE}.Debug|Any CPU.ActiveCfg = Debug|Any CPU
		{44F4F115-39C2-4558-A996-F885E8AE81EE}.Debug|Any CPU.Build.0 = Debug|Any CPU
		{44F4F115-39C2-4558-A996-F885E8AE81EE}.Release|Any CPU.ActiveCfg = Release|Any CPU
		{44F4F115-39C2-4558-A996-F885E8AE81EE}.Release|Any CPU.Build.0 = Release|Any CPU
	EndGlobalSection
	GlobalSection(SolutionProperties) = preSolution
		HideSolutionNode = FALSE
	EndGlobalSection
	GlobalSection(ExtensibilityGlobals) = postSolution
		SolutionGuid = {0E1C0BE7-C594-48F9-9EB1-1485D552D48A}
	EndGlobalSection
EndGlobal
