
Microsoft Visual Studio Solution File, Format Version 12.00
# Visual Studio Version 17
VisualStudioVersion = 17.1.32421.90
MinimumVisualStudioVersion = 10.0.40219.1
Project("{FAE04EC0-301F-11D3-BF4B-00C04F79EFBC}") = "Task1", "Task1.csproj", "{EFDB5414-48A8-4896-9732-A07921E85699}"
EndProject
Global
	GlobalSection(SolutionConfigurationPlatforms) = preSolution
		Debug|Any CPU = Debug|Any CPU
		Release|Any CPU = Release|Any CPU
	EndGlobalSection
	GlobalSection(ProjectConfigurationPlatforms) = postSolution
		{EFDB5414-48A8-4896-9732-A07921E85699}.Debug|Any CPU.ActiveCfg = Debug|Any CPU
		{EFDB5414-48A8-4896-9732-A07921E85699}.Debug|Any CPU.Build.0 = Debug|Any CPU
		{EFDB5414-48A8-4896-9732-A07921E85699}.Release|Any CPU.ActiveCfg = Release|Any CPU
		{EFDB5414-48A8-4896-9732-A07921E85699}.Release|Any CPU.Build.0 = Release|Any CPU
	EndGlobalSection
	GlobalSection(SolutionProperties) = preSolution
		HideSolutionNode = FALSE
	EndGlobalSection
	GlobalSection(ExtensibilityGlobals) = postSolution
		SolutionGuid = {A7D20AC5-4C6C-4666-8B5E-2AAE783BDE0E}
	EndGlobalSection
EndGlobal
