
Microsoft Visual Studio Solution File, Format Version 12.00
# Visual Studio Version 17
VisualStudioVersion = 17.1.32421.90
MinimumVisualStudioVersion = 10.0.40219.1
Project("{FAE04EC0-301F-11D3-BF4B-00C04F79EFBC}") = "Task1", "Task1.csproj", "{DC6B39E8-032B-4052-9679-D846FC44D07A}"
EndProject
Global
	GlobalSection(SolutionConfigurationPlatforms) = preSolution
		Debug|Any CPU = Debug|Any CPU
		Release|Any CPU = Release|Any CPU
	EndGlobalSection
	GlobalSection(ProjectConfigurationPlatforms) = postSolution
		{DC6B39E8-032B-4052-9679-D846FC44D07A}.Debug|Any CPU.ActiveCfg = Debug|Any CPU
		{DC6B39E8-032B-4052-9679-D846FC44D07A}.Debug|Any CPU.Build.0 = Debug|Any CPU
		{DC6B39E8-032B-4052-9679-D846FC44D07A}.Release|Any CPU.ActiveCfg = Release|Any CPU
		{DC6B39E8-032B-4052-9679-D846FC44D07A}.Release|Any CPU.Build.0 = Release|Any CPU
	EndGlobalSection
	GlobalSection(SolutionProperties) = preSolution
		HideSolutionNode = FALSE
	EndGlobalSection
	GlobalSection(ExtensibilityGlobals) = postSolution
		SolutionGuid = {A7B5DBFE-3E4B-4EC8-B176-05D40D6D7316}
	EndGlobalSection
EndGlobal
