
Microsoft Visual Studio Solution File, Format Version 12.00
# Visual Studio Version 17
VisualStudioVersion = 17.1.32421.90
MinimumVisualStudioVersion = 10.0.40219.1
Project("{FAE04EC0-301F-11D3-BF4B-00C04F79EFBC}") = "Task2", "Task2.csproj", "{ABBD26D8-3124-442B-B919-5C313CE1F6D0}"
EndProject
Global
	GlobalSection(SolutionConfigurationPlatforms) = preSolution
		Debug|Any CPU = Debug|Any CPU
		Release|Any CPU = Release|Any CPU
	EndGlobalSection
	GlobalSection(ProjectConfigurationPlatforms) = postSolution
		{ABBD26D8-3124-442B-B919-5C313CE1F6D0}.Debug|Any CPU.ActiveCfg = Debug|Any CPU
		{ABBD26D8-3124-442B-B919-5C313CE1F6D0}.Debug|Any CPU.Build.0 = Debug|Any CPU
		{ABBD26D8-3124-442B-B919-5C313CE1F6D0}.Release|Any CPU.ActiveCfg = Release|Any CPU
		{ABBD26D8-3124-442B-B919-5C313CE1F6D0}.Release|Any CPU.Build.0 = Release|Any CPU
	EndGlobalSection
	GlobalSection(SolutionProperties) = preSolution
		HideSolutionNode = FALSE
	EndGlobalSection
	GlobalSection(ExtensibilityGlobals) = postSolution
		SolutionGuid = {5685F697-A618-4BF6-853A-41253C2D27C4}
	EndGlobalSection
EndGlobal
